Microsoft Visual Studio Solution File, Format Version 12.00
# Visual Studio Version 17
VisualStudioVersion = 17.5.2.0
MinimumVisualStudioVersion = 10.0.40219.1
Project("{FAE04EC0-301F-11D3-BF4B-00C04F79EFBC}") = "TingStore.Client", "TingStore.Client.csproj", "{C819827E-9AEC-B951-13FE-3B82F696B743}"
EndProject
Global
	GlobalSection(SolutionConfigurationPlatforms) = preSolution
		Debug|Any CPU = Debug|Any CPU
		Release|Any CPU = Release|Any CPU
	EndGlobalSection
	GlobalSection(ProjectConfigurationPlatforms) = postSolution
		{C819827E-9AEC-B951-13FE-3B82F696B743}.Debug|Any CPU.ActiveCfg = Debug|Any CPU
		{C819827E-9AEC-B951-13FE-3B82F696B743}.Debug|Any CPU.Build.0 = Debug|Any CPU
		{C819827E-9AEC-B951-13FE-3B82F696B743}.Release|Any CPU.ActiveCfg = Release|Any CPU
		{C819827E-9AEC-B951-13FE-3B82F696B743}.Release|Any CPU.Build.0 = Release|Any CPU
	EndGlobalSection
	GlobalSection(SolutionProperties) = preSolution
		HideSolutionNode = FALSE
	EndGlobalSection
	GlobalSection(ExtensibilityGlobals) = postSolution
		SolutionGuid = {CCF11E99-BEF5-45D1-8945-5C04453FC0EB}
	EndGlobalSection
EndGlobal
