
Microsoft Visual Studio Solution File, Format Version 12.00
# Visual Studio Version 17
VisualStudioVersion = 17.13.35825.156 d17.13
MinimumVisualStudioVersion = 10.0.40219.1
Project("{2150E333-8FDC-42A3-9474-1A3956D46DE8}") = "Backend", "Backend", "{02EA681E-C7D8-13C7-8484-4AC65E1B71E8}"
EndProject
Project("{2150E333-8FDC-42A3-9474-1A3956D46DE8}") = "Services", "Services", "{196BC85B-DAF5-479B-8A06-4363668C2B8C}"
EndProject
Project("{2150E333-8FDC-42A3-9474-1A3956D46DE8}") = "Infrastructure", "Infrastructure", "{A61A999F-B148-46F1-8EFB-426729AA31E3}"
EndProject
Project("{2150E333-8FDC-42A3-9474-1A3956D46DE8}") = "ApiGateways", "ApiGateways", "{57782538-8B2A-4AA7-8FF7-313377683A2E}"
EndProject
Project("{2150E333-8FDC-42A3-9474-1A3956D46DE8}") = "FrontEnd", "FrontEnd", "{16609623-10CD-4E63-9759-3EBBDEAAF3FE}"
EndProject
Project("{2150E333-8FDC-42A3-9474-1A3956D46DE8}") = "Product", "Product", "{B9F45A0C-9892-45B9-9700-55ABCAB4E8C5}"
EndProject
Project("{FAE04EC0-301F-11D3-BF4B-00C04F79EFBC}") = "Product.Api", "Product.Api\Product.Api.csproj", "{90CF3196-82C5-458C-BB36-9CAE8EC713B9}"
EndProject
Project("{FAE04EC0-301F-11D3-BF4B-00C04F79EFBC}") = "Product.Application", "Product.Application\Product.Application.csproj", "{2AEAC170-46C1-474C-B950-864FA6DBF822}"
EndProject
Project("{FAE04EC0-301F-11D3-BF4B-00C04F79EFBC}") = "Product.Infrastructure", "Product.Infrastructure\Product.Infrastructure.csproj", "{EFCE2398-E59F-49DC-90A7-6682BDA0B84B}"
EndProject
Project("{FAE04EC0-301F-11D3-BF4B-00C04F79EFBC}") = "Product.Core", "Product.Core\Product.Core.csproj", "{9E93DFD0-2A7E-48A6-BCE2-F4FA0428D797}"
EndProject
Project("{2150E333-8FDC-42A3-9474-1A3956D46DE8}") = "Order", "Order", "{329507E2-F4AB-40EE-826A-3DC941E0DB09}"
EndProject
Project("{FAE04EC0-301F-11D3-BF4B-00C04F79EFBC}") = "Order.Core", "Order.Core\Order.Core.csproj", "{2A34435F-24FD-4405-AB21-EE2317BA2486}"
EndProject
Project("{FAE04EC0-301F-11D3-BF4B-00C04F79EFBC}") = "Order.Application", "Order.Application\Order.Application.csproj", "{3C662A59-7ADB-491E-9073-D66FB3A81CCB}"
EndProject
Project("{FAE04EC0-301F-11D3-BF4B-00C04F79EFBC}") = "Order.Infrastructure", "Order.Infrastructure\Order.Infrastructure.csproj", "{0944B937-0481-4A2B-8956-1839D52B9709}"
EndProject
Project("{FAE04EC0-301F-11D3-BF4B-00C04F79EFBC}") = "Order.Api", "Order.Api\Order.Api.csproj", "{63D8AB3B-FD22-46E3-9EED-1A328276B83B}"
EndProject
Project("{FAE04EC0-301F-11D3-BF4B-00C04F79EFBC}") = "TingStore.Client", "TingStore.Client\TingStore.Client.csproj", "{B7C64FFD-79BE-42A4-A9CD-5691FADAFC4A}"
EndProject
Project("{2150E333-8FDC-42A3-9474-1A3956D46DE8}") = "Cart", "Cart", "{93549283-CF7D-44CE-A9CA-426CCF0CA9E6}"
EndProject
Project("{FAE04EC0-301F-11D3-BF4B-00C04F79EFBC}") = "Cart.Api", "Cart.Api\Cart.Api.csproj", "{48372166-170F-42F8-A1A1-678F060E2D5A}"
EndProject
Project("{FAE04EC0-301F-11D3-BF4B-00C04F79EFBC}") = "Cart.Application", "Cart.Application\Cart.Application.csproj", "{69E4E7D4-AF08-4483-B87E-98DD6548F27C}"
EndProject
Project("{FAE04EC0-301F-11D3-BF4B-00C04F79EFBC}") = "Cart.Infrastructure", "Cart.Infrastructure\Cart.Infrastructure.csproj", "{1149E0A4-85EF-4CB2-86B7-1AE2BFD29038}"
EndProject
Project("{FAE04EC0-301F-11D3-BF4B-00C04F79EFBC}") = "Cart.Core", "Cart.Core\Cart.Core.csproj", "{A61A8069-9B86-4D11-9B95-B5F56B1792FD}"
EndProject
Project("{2150E333-8FDC-42A3-9474-1A3956D46DE8}") = "User", "User", "{BA1C20A9-86D2-4978-8457-52465676D0D6}"
EndProject
Project("{FAE04EC0-301F-11D3-BF4B-00C04F79EFBC}") = "User.Core", "User.Core\User.Core.csproj", "{1DACDEB8-F13E-439C-9414-3B9CBC5D25AD}"
EndProject
Project("{FAE04EC0-301F-11D3-BF4B-00C04F79EFBC}") = "User.Application", "User.Application\User.Application.csproj", "{483E97AF-0979-4D32-9281-BF50DED8B263}"
EndProject
Project("{FAE04EC0-301F-11D3-BF4B-00C04F79EFBC}") = "User.Infrastructure", "User.Infrastructure\User.Infrastructure.csproj", "{79F47AC1-98C7-4E0C-BF24-23D98552A733}"
EndProject
Project("{FAE04EC0-301F-11D3-BF4B-00C04F79EFBC}") = "User.Api", "User.Api\User.Api.csproj", "{E5E79E9F-9AB1-4BFB-8DFA-E9BF6D949484}"
EndProject
Project("{FAE04EC0-301F-11D3-BF4B-00C04F79EFBC}") = "Ocelot.Gateway", "Ocelot.Gateway\Ocelot.Gateway.csproj", "{8DA72558-776C-49F2-9101-7CA1084F3EDF}"
EndProject
Global
	GlobalSection(SolutionConfigurationPlatforms) = preSolution
		Debug|Any CPU = Debug|Any CPU
		Release|Any CPU = Release|Any CPU
	EndGlobalSection
	GlobalSection(ProjectConfigurationPlatforms) = postSolution
		{90CF3196-82C5-458C-BB36-9CAE8EC713B9}.Debug|Any CPU.ActiveCfg = Debug|Any CPU
		{90CF3196-82C5-458C-BB36-9CAE8EC713B9}.Debug|Any CPU.Build.0 = Debug|Any CPU
		{90CF3196-82C5-458C-BB36-9CAE8EC713B9}.Release|Any CPU.ActiveCfg = Release|Any CPU
		{90CF3196-82C5-458C-BB36-9CAE8EC713B9}.Release|Any CPU.Build.0 = Release|Any CPU
		{2AEAC170-46C1-474C-B950-864FA6DBF822}.Debug|Any CPU.ActiveCfg = Debug|Any CPU
		{2AEAC170-46C1-474C-B950-864FA6DBF822}.Debug|Any CPU.Build.0 = Debug|Any CPU
		{2AEAC170-46C1-474C-B950-864FA6DBF822}.Release|Any CPU.ActiveCfg = Release|Any CPU
		{2AEAC170-46C1-474C-B950-864FA6DBF822}.Release|Any CPU.Build.0 = Release|Any CPU
		{EFCE2398-E59F-49DC-90A7-6682BDA0B84B}.Debug|Any CPU.ActiveCfg = Debug|Any CPU
		{EFCE2398-E59F-49DC-90A7-6682BDA0B84B}.Debug|Any CPU.Build.0 = Debug|Any CPU
		{EFCE2398-E59F-49DC-90A7-6682BDA0B84B}.Release|Any CPU.ActiveCfg = Release|Any CPU
		{EFCE2398-E59F-49DC-90A7-6682BDA0B84B}.Release|Any CPU.Build.0 = Release|Any CPU
		{9E93DFD0-2A7E-48A6-BCE2-F4FA0428D797}.Debug|Any CPU.ActiveCfg = Debug|Any CPU
		{9E93DFD0-2A7E-48A6-BCE2-F4FA0428D797}.Debug|Any CPU.Build.0 = Debug|Any CPU
		{9E93DFD0-2A7E-48A6-BCE2-F4FA0428D797}.Release|Any CPU.ActiveCfg = Release|Any CPU
		{9E93DFD0-2A7E-48A6-BCE2-F4FA0428D797}.Release|Any CPU.Build.0 = Release|Any CPU
		{2A34435F-24FD-4405-AB21-EE2317BA2486}.Debug|Any CPU.ActiveCfg = Debug|Any CPU
		{2A34435F-24FD-4405-AB21-EE2317BA2486}.Debug|Any CPU.Build.0 = Debug|Any CPU
		{2A34435F-24FD-4405-AB21-EE2317BA2486}.Release|Any CPU.ActiveCfg = Release|Any CPU
		{2A34435F-24FD-4405-AB21-EE2317BA2486}.Release|Any CPU.Build.0 = Release|Any CPU
		{3C662A59-7ADB-491E-9073-D66FB3A81CCB}.Debug|Any CPU.ActiveCfg = Debug|Any CPU
		{3C662A59-7ADB-491E-9073-D66FB3A81CCB}.Debug|Any CPU.Build.0 = Debug|Any CPU
		{3C662A59-7ADB-491E-9073-D66FB3A81CCB}.Release|Any CPU.ActiveCfg = Release|Any CPU
		{3C662A59-7ADB-491E-9073-D66FB3A81CCB}.Release|Any CPU.Build.0 = Release|Any CPU
		{0944B937-0481-4A2B-8956-1839D52B9709}.Debug|Any CPU.ActiveCfg = Debug|Any CPU
		{0944B937-0481-4A2B-8956-1839D52B9709}.Debug|Any CPU.Build.0 = Debug|Any CPU
		{0944B937-0481-4A2B-8956-1839D52B9709}.Release|Any CPU.ActiveCfg = Release|Any CPU
		{0944B937-0481-4A2B-8956-1839D52B9709}.Release|Any CPU.Build.0 = Release|Any CPU
		{63D8AB3B-FD22-46E3-9EED-1A328276B83B}.Debug|Any CPU.ActiveCfg = Debug|Any CPU
		{63D8AB3B-FD22-46E3-9EED-1A328276B83B}.Debug|Any CPU.Build.0 = Debug|Any CPU
		{63D8AB3B-FD22-46E3-9EED-1A328276B83B}.Release|Any CPU.ActiveCfg = Release|Any CPU
		{63D8AB3B-FD22-46E3-9EED-1A328276B83B}.Release|Any CPU.Build.0 = Release|Any CPU
		{B7C64FFD-79BE-42A4-A9CD-5691FADAFC4A}.Debug|Any CPU.ActiveCfg = Debug|Any CPU
		{B7C64FFD-79BE-42A4-A9CD-5691FADAFC4A}.Debug|Any CPU.Build.0 = Debug|Any CPU
		{B7C64FFD-79BE-42A4-A9CD-5691FADAFC4A}.Release|Any CPU.ActiveCfg = Release|Any CPU
		{B7C64FFD-79BE-42A4-A9CD-5691FADAFC4A}.Release|Any CPU.Build.0 = Release|Any CPU
		{48372166-170F-42F8-A1A1-678F060E2D5A}.Debug|Any CPU.ActiveCfg = Debug|Any CPU
		{48372166-170F-42F8-A1A1-678F060E2D5A}.Debug|Any CPU.Build.0 = Debug|Any CPU
		{48372166-170F-42F8-A1A1-678F060E2D5A}.Release|Any CPU.ActiveCfg = Release|Any CPU
		{48372166-170F-42F8-A1A1-678F060E2D5A}.Release|Any CPU.Build.0 = Release|Any CPU
		{69E4E7D4-AF08-4483-B87E-98DD6548F27C}.Debug|Any CPU.ActiveCfg = Debug|Any CPU
		{69E4E7D4-AF08-4483-B87E-98DD6548F27C}.Debug|Any CPU.Build.0 = Debug|Any CPU
		{69E4E7D4-AF08-4483-B87E-98DD6548F27C}.Release|Any CPU.ActiveCfg = Release|Any CPU
		{69E4E7D4-AF08-4483-B87E-98DD6548F27C}.Release|Any CPU.Build.0 = Release|Any CPU
		{1149E0A4-85EF-4CB2-86B7-1AE2BFD29038}.Debug|Any CPU.ActiveCfg = Debug|Any CPU
		{1149E0A4-85EF-4CB2-86B7-1AE2BFD29038}.Debug|Any CPU.Build.0 = Debug|Any CPU
		{1149E0A4-85EF-4CB2-86B7-1AE2BFD29038}.Release|Any CPU.ActiveCfg = Release|Any CPU
		{1149E0A4-85EF-4CB2-86B7-1AE2BFD29038}.Release|Any CPU.Build.0 = Release|Any CPU
		{A61A8069-9B86-4D11-9B95-B5F56B1792FD}.Debug|Any CPU.ActiveCfg = Debug|Any CPU
		{A61A8069-9B86-4D11-9B95-B5F56B1792FD}.Debug|Any CPU.Build.0 = Debug|Any CPU
		{A61A8069-9B86-4D11-9B95-B5F56B1792FD}.Release|Any CPU.ActiveCfg = Release|Any CPU
		{A61A8069-9B86-4D11-9B95-B5F56B1792FD}.Release|Any CPU.Build.0 = Release|Any CPU
		{1DACDEB8-F13E-439C-9414-3B9CBC5D25AD}.Debug|Any CPU.ActiveCfg = Debug|Any CPU
		{1DACDEB8-F13E-439C-9414-3B9CBC5D25AD}.Debug|Any CPU.Build.0 = Debug|Any CPU
		{1DACDEB8-F13E-439C-9414-3B9CBC5D25AD}.Release|Any CPU.ActiveCfg = Release|Any CPU
		{1DACDEB8-F13E-439C-9414-3B9CBC5D25AD}.Release|Any CPU.Build.0 = Release|Any CPU
		{483E97AF-0979-4D32-9281-BF50DED8B263}.Debug|Any CPU.ActiveCfg = Debug|Any CPU
		{483E97AF-0979-4D32-9281-BF50DED8B263}.Debug|Any CPU.Build.0 = Debug|Any CPU
		{483E97AF-0979-4D32-9281-BF50DED8B263}.Release|Any CPU.ActiveCfg = Release|Any CPU
		{483E97AF-0979-4D32-9281-BF50DED8B263}.Release|Any CPU.Build.0 = Release|Any CPU
		{79F47AC1-98C7-4E0C-BF24-23D98552A733}.Debug|Any CPU.ActiveCfg = Debug|Any CPU
		{79F47AC1-98C7-4E0C-BF24-23D98552A733}.Debug|Any CPU.Build.0 = Debug|Any CPU
		{79F47AC1-98C7-4E0C-BF24-23D98552A733}.Release|Any CPU.ActiveCfg = Release|Any CPU
		{79F47AC1-98C7-4E0C-BF24-23D98552A733}.Release|Any CPU.Build.0 = Release|Any CPU
		{E5E79E9F-9AB1-4BFB-8DFA-E9BF6D949484}.Debug|Any CPU.ActiveCfg = Debug|Any CPU
		{E5E79E9F-9AB1-4BFB-8DFA-E9BF6D949484}.Debug|Any CPU.Build.0 = Debug|Any CPU
		{E5E79E9F-9AB1-4BFB-8DFA-E9BF6D949484}.Release|Any CPU.ActiveCfg = Release|Any CPU
		{E5E79E9F-9AB1-4BFB-8DFA-E9BF6D949484}.Release|Any CPU.Build.0 = Release|Any CPU
		{8DA72558-776C-49F2-9101-7CA1084F3EDF}.Debug|Any CPU.ActiveCfg = Debug|Any CPU
		{8DA72558-776C-49F2-9101-7CA1084F3EDF}.Debug|Any CPU.Build.0 = Debug|Any CPU
		{8DA72558-776C-49F2-9101-7CA1084F3EDF}.Release|Any CPU.ActiveCfg = Release|Any CPU
		{8DA72558-776C-49F2-9101-7CA1084F3EDF}.Release|Any CPU.Build.0 = Release|Any CPU
	EndGlobalSection
	GlobalSection(SolutionProperties) = preSolution
		HideSolutionNode = FALSE
	EndGlobalSection
	GlobalSection(NestedProjects) = preSolution
		{196BC85B-DAF5-479B-8A06-4363668C2B8C} = {02EA681E-C7D8-13C7-8484-4AC65E1B71E8}
		{A61A999F-B148-46F1-8EFB-426729AA31E3} = {02EA681E-C7D8-13C7-8484-4AC65E1B71E8}
		{57782538-8B2A-4AA7-8FF7-313377683A2E} = {02EA681E-C7D8-13C7-8484-4AC65E1B71E8}
		{B9F45A0C-9892-45B9-9700-55ABCAB4E8C5} = {196BC85B-DAF5-479B-8A06-4363668C2B8C}
		{90CF3196-82C5-458C-BB36-9CAE8EC713B9} = {B9F45A0C-9892-45B9-9700-55ABCAB4E8C5}
		{2AEAC170-46C1-474C-B950-864FA6DBF822} = {B9F45A0C-9892-45B9-9700-55ABCAB4E8C5}
		{EFCE2398-E59F-49DC-90A7-6682BDA0B84B} = {B9F45A0C-9892-45B9-9700-55ABCAB4E8C5}
		{9E93DFD0-2A7E-48A6-BCE2-F4FA0428D797} = {B9F45A0C-9892-45B9-9700-55ABCAB4E8C5}
		{329507E2-F4AB-40EE-826A-3DC941E0DB09} = {196BC85B-DAF5-479B-8A06-4363668C2B8C}
		{2A34435F-24FD-4405-AB21-EE2317BA2486} = {329507E2-F4AB-40EE-826A-3DC941E0DB09}
		{3C662A59-7ADB-491E-9073-D66FB3A81CCB} = {329507E2-F4AB-40EE-826A-3DC941E0DB09}
		{0944B937-0481-4A2B-8956-1839D52B9709} = {329507E2-F4AB-40EE-826A-3DC941E0DB09}
		{63D8AB3B-FD22-46E3-9EED-1A328276B83B} = {329507E2-F4AB-40EE-826A-3DC941E0DB09}
		{B7C64FFD-79BE-42A4-A9CD-5691FADAFC4A} = {16609623-10CD-4E63-9759-3EBBDEAAF3FE}
		{93549283-CF7D-44CE-A9CA-426CCF0CA9E6} = {196BC85B-DAF5-479B-8A06-4363668C2B8C}
		{48372166-170F-42F8-A1A1-678F060E2D5A} = {93549283-CF7D-44CE-A9CA-426CCF0CA9E6}
		{69E4E7D4-AF08-4483-B87E-98DD6548F27C} = {93549283-CF7D-44CE-A9CA-426CCF0CA9E6}
		{1149E0A4-85EF-4CB2-86B7-1AE2BFD29038} = {93549283-CF7D-44CE-A9CA-426CCF0CA9E6}
		{A61A8069-9B86-4D11-9B95-B5F56B1792FD} = {93549283-CF7D-44CE-A9CA-426CCF0CA9E6}
		{BA1C20A9-86D2-4978-8457-52465676D0D6} = {196BC85B-DAF5-479B-8A06-4363668C2B8C}
		{1DACDEB8-F13E-439C-9414-3B9CBC5D25AD} = {BA1C20A9-86D2-4978-8457-52465676D0D6}
		{483E97AF-0979-4D32-9281-BF50DED8B263} = {BA1C20A9-86D2-4978-8457-52465676D0D6}
		{79F47AC1-98C7-4E0C-BF24-23D98552A733} = {BA1C20A9-86D2-4978-8457-52465676D0D6}
		{E5E79E9F-9AB1-4BFB-8DFA-E9BF6D949484} = {BA1C20A9-86D2-4978-8457-52465676D0D6}
		{8DA72558-776C-49F2-9101-7CA1084F3EDF} = {57782538-8B2A-4AA7-8FF7-313377683A2E}
	EndGlobalSection
	GlobalSection(ExtensibilityGlobals) = postSolution
		SolutionGuid = {24871C94-AD56-4398-9076-B9E80D86AD0D}
	EndGlobalSection
EndGlobal
