
Microsoft Visual Studio Solution File, Format Version 12.00
# Visual Studio Version 17
VisualStudioVersion = 17.13.35825.156
MinimumVisualStudioVersion = 10.0.40219.1
Project("{FAE04EC0-301F-11D3-BF4B-00C04F79EFBC}") = "Cart.Api", "Backend\Services\Cart\Cart.Api\Cart.Api.csproj", "{8FDF9337-9F2A-F810-4B67-96A76BDA63B2}"
EndProject
Project("{FAE04EC0-301F-11D3-BF4B-00C04F79EFBC}") = "Cart.Application", "Backend\Services\Cart\Cart.Application\Cart.Application.csproj", "{6FDA4659-1D5F-C7ED-BE22-73291674B7FE}"
EndProject
Project("{FAE04EC0-301F-11D3-BF4B-00C04F79EFBC}") = "Cart.Core", "Backend\Services\Cart\Cart.Core\Cart.Core.csproj", "{601606B3-9583-708D-D785-074DFFB86429}"
EndProject
Project("{FAE04EC0-301F-11D3-BF4B-00C04F79EFBC}") = "Cart.Infrastructure", "Backend\Services\Cart\Cart.Infrastructure\Cart.Infrastructure.csproj", "{EA78DB3B-C1DA-AE8E-F16B-9F93ECF76344}"
EndProject
Project("{2150E333-8FDC-42A3-9474-1A3956D46DE8}") = "Backend", "Backend", "{02EA681E-C7D8-13C7-8484-4AC65E1B71E8}"
EndProject
Project("{2150E333-8FDC-42A3-9474-1A3956D46DE8}") = "Frontend", "Frontend", "{63F90D9C-C1A0-4A2B-ABFE-73D62B2E94B3}"
EndProject
Project("{2150E333-8FDC-42A3-9474-1A3956D46DE8}") = "ApiGateways", "ApiGateways", "{3A754021-6164-47BA-A185-F38C005B553E}"
EndProject
Project("{2150E333-8FDC-42A3-9474-1A3956D46DE8}") = "Services", "Services", "{F94AA559-C0B5-4A90-898A-6F9C00591F25}"
EndProject
Project("{2150E333-8FDC-42A3-9474-1A3956D46DE8}") = "Infrastructure", "Infrastructure", "{94F715BA-4436-4D93-8238-649E6DFC722D}"
EndProject
Project("{2150E333-8FDC-42A3-9474-1A3956D46DE8}") = "Cart", "Cart", "{685CC2A3-4B66-4374-B6C5-DE82B989309D}"
EndProject
Project("{2150E333-8FDC-42A3-9474-1A3956D46DE8}") = "User", "User", "{247FD0DE-C696-4A28-B26C-7E040740BE4F}"
EndProject
Project("{FAE04EC0-301F-11D3-BF4B-00C04F79EFBC}") = "User.Api", "Backend\Services\User\User.Api\User.Api.csproj", "{155D8E29-B79D-774F-3A09-09D4B0815510}"
EndProject
Project("{FAE04EC0-301F-11D3-BF4B-00C04F79EFBC}") = "User.Application", "Backend\Services\User\User.Application\User.Application.csproj", "{C24ABE20-4938-F57A-32C3-742FFA5754FB}"
EndProject
Project("{FAE04EC0-301F-11D3-BF4B-00C04F79EFBC}") = "User.Core", "Backend\Services\User\User.Core\User.Core.csproj", "{7CAF6500-8906-029A-7C8E-61903A3100D8}"
EndProject
Project("{FAE04EC0-301F-11D3-BF4B-00C04F79EFBC}") = "User.Infrastructure", "Backend\Services\User\User.Infrastructure\User.Infrastructure.csproj", "{6CFA4F8E-8622-B095-4596-7F7DEB554DDC}"
EndProject
Project("{2150E333-8FDC-42A3-9474-1A3956D46DE8}") = "Product", "Product", "{FF600303-C592-4E73-B2E5-1250E882D1EE}"
EndProject
Project("{FAE04EC0-301F-11D3-BF4B-00C04F79EFBC}") = "Product.Api", "Backend\Services\Product\Product.Api\Product.Api.csproj", "{392AB43E-A00B-CCB2-B5AA-D49892079848}"
EndProject
Project("{FAE04EC0-301F-11D3-BF4B-00C04F79EFBC}") = "Product.Application", "Backend\Services\Product\Product.Application\Product.Application.csproj", "{85C1C456-4202-3DDE-DDFC-A654F1716C18}"
EndProject
Project("{FAE04EC0-301F-11D3-BF4B-00C04F79EFBC}") = "Product.Core", "Backend\Services\Product\Product.Core\Product.Core.csproj", "{1F30854E-B2AA-15EF-7A9A-31A0BBFE9128}"
EndProject
Project("{FAE04EC0-301F-11D3-BF4B-00C04F79EFBC}") = "Product.Infrastructure", "Backend\Services\Product\Product.Infrastructure\Product.Infrastructure.csproj", "{7D85199D-56F0-0ECE-F1F6-C572E85642C8}"
EndProject
Project("{FAE04EC0-301F-11D3-BF4B-00C04F79EFBC}") = "Order.Api", "Backend\Services\Order\Order.Api\Order.Api.csproj", "{79863B08-EF5D-CD0E-8398-EFA72260CCDB}"
EndProject
Project("{2150E333-8FDC-42A3-9474-1A3956D46DE8}") = "Order", "Order", "{E44A3539-D9EA-4DE9-8749-CF1CC71FA845}"
EndProject
Project("{FAE04EC0-301F-11D3-BF4B-00C04F79EFBC}") = "Order.Application", "Backend\Services\Order\Order.Application\Order.Application.csproj", "{E70E2119-6EF6-E2BC-7628-BCC589CBAF50}"
EndProject
Project("{FAE04EC0-301F-11D3-BF4B-00C04F79EFBC}") = "Order.Core", "Backend\Services\Order\Order.Core\Order.Core.csproj", "{840C1403-4DB5-BA6D-CCEA-F9661228836F}"
EndProject
Project("{FAE04EC0-301F-11D3-BF4B-00C04F79EFBC}") = "Order.Infrastructure", "Backend\Services\Order\Order.Infrastructure\Order.Infrastructure.csproj", "{EF753D8D-5985-FCA3-E4DA-1BE1879863D0}"
EndProject
Project("{FAE04EC0-301F-11D3-BF4B-00C04F79EFBC}") = "Ocelot.Gateway", "Backend\ApiGateways\Ocelot.Gateway\Ocelot.Gateway.csproj", "{CCDEA0B5-4E64-2B85-C466-4EE00B3A55CD}"
EndProject
Project("{FAE04EC0-301F-11D3-BF4B-00C04F79EFBC}") = "TingStore.Client", "Frontend\TingStore.Client\TingStore.Client.csproj", "{75E87A17-0DF6-496E-A064-8B754FB7BA46}"
EndProject
Global
	GlobalSection(SolutionConfigurationPlatforms) = preSolution
		Debug|Any CPU = Debug|Any CPU
		Release|Any CPU = Release|Any CPU
	EndGlobalSection
	GlobalSection(ProjectConfigurationPlatforms) = postSolution
		{8FDF9337-9F2A-F810-4B67-96A76BDA63B2}.Debug|Any CPU.ActiveCfg = Debug|Any CPU
		{8FDF9337-9F2A-F810-4B67-96A76BDA63B2}.Debug|Any CPU.Build.0 = Debug|Any CPU
		{8FDF9337-9F2A-F810-4B67-96A76BDA63B2}.Release|Any CPU.ActiveCfg = Release|Any CPU
		{8FDF9337-9F2A-F810-4B67-96A76BDA63B2}.Release|Any CPU.Build.0 = Release|Any CPU
		{6FDA4659-1D5F-C7ED-BE22-73291674B7FE}.Debug|Any CPU.ActiveCfg = Debug|Any CPU
		{6FDA4659-1D5F-C7ED-BE22-73291674B7FE}.Debug|Any CPU.Build.0 = Debug|Any CPU
		{6FDA4659-1D5F-C7ED-BE22-73291674B7FE}.Release|Any CPU.ActiveCfg = Release|Any CPU
		{6FDA4659-1D5F-C7ED-BE22-73291674B7FE}.Release|Any CPU.Build.0 = Release|Any CPU
		{601606B3-9583-708D-D785-074DFFB86429}.Debug|Any CPU.ActiveCfg = Debug|Any CPU
		{601606B3-9583-708D-D785-074DFFB86429}.Debug|Any CPU.Build.0 = Debug|Any CPU
		{601606B3-9583-708D-D785-074DFFB86429}.Release|Any CPU.ActiveCfg = Release|Any CPU
		{601606B3-9583-708D-D785-074DFFB86429}.Release|Any CPU.Build.0 = Release|Any CPU
		{EA78DB3B-C1DA-AE8E-F16B-9F93ECF76344}.Debug|Any CPU.ActiveCfg = Debug|Any CPU
		{EA78DB3B-C1DA-AE8E-F16B-9F93ECF76344}.Debug|Any CPU.Build.0 = Debug|Any CPU
		{EA78DB3B-C1DA-AE8E-F16B-9F93ECF76344}.Release|Any CPU.ActiveCfg = Release|Any CPU
		{EA78DB3B-C1DA-AE8E-F16B-9F93ECF76344}.Release|Any CPU.Build.0 = Release|Any CPU
		{155D8E29-B79D-774F-3A09-09D4B0815510}.Debug|Any CPU.ActiveCfg = Debug|Any CPU
		{155D8E29-B79D-774F-3A09-09D4B0815510}.Debug|Any CPU.Build.0 = Debug|Any CPU
		{155D8E29-B79D-774F-3A09-09D4B0815510}.Release|Any CPU.ActiveCfg = Release|Any CPU
		{155D8E29-B79D-774F-3A09-09D4B0815510}.Release|Any CPU.Build.0 = Release|Any CPU
		{C24ABE20-4938-F57A-32C3-742FFA5754FB}.Debug|Any CPU.ActiveCfg = Debug|Any CPU
		{C24ABE20-4938-F57A-32C3-742FFA5754FB}.Debug|Any CPU.Build.0 = Debug|Any CPU
		{C24ABE20-4938-F57A-32C3-742FFA5754FB}.Release|Any CPU.ActiveCfg = Release|Any CPU
		{C24ABE20-4938-F57A-32C3-742FFA5754FB}.Release|Any CPU.Build.0 = Release|Any CPU
		{7CAF6500-8906-029A-7C8E-61903A3100D8}.Debug|Any CPU.ActiveCfg = Debug|Any CPU
		{7CAF6500-8906-029A-7C8E-61903A3100D8}.Debug|Any CPU.Build.0 = Debug|Any CPU
		{7CAF6500-8906-029A-7C8E-61903A3100D8}.Release|Any CPU.ActiveCfg = Release|Any CPU
		{7CAF6500-8906-029A-7C8E-61903A3100D8}.Release|Any CPU.Build.0 = Release|Any CPU
		{6CFA4F8E-8622-B095-4596-7F7DEB554DDC}.Debug|Any CPU.ActiveCfg = Debug|Any CPU
		{6CFA4F8E-8622-B095-4596-7F7DEB554DDC}.Debug|Any CPU.Build.0 = Debug|Any CPU
		{6CFA4F8E-8622-B095-4596-7F7DEB554DDC}.Release|Any CPU.ActiveCfg = Release|Any CPU
		{6CFA4F8E-8622-B095-4596-7F7DEB554DDC}.Release|Any CPU.Build.0 = Release|Any CPU
		{392AB43E-A00B-CCB2-B5AA-D49892079848}.Debug|Any CPU.ActiveCfg = Debug|Any CPU
		{392AB43E-A00B-CCB2-B5AA-D49892079848}.Debug|Any CPU.Build.0 = Debug|Any CPU
		{392AB43E-A00B-CCB2-B5AA-D49892079848}.Release|Any CPU.ActiveCfg = Release|Any CPU
		{392AB43E-A00B-CCB2-B5AA-D49892079848}.Release|Any CPU.Build.0 = Release|Any CPU
		{85C1C456-4202-3DDE-DDFC-A654F1716C18}.Debug|Any CPU.ActiveCfg = Debug|Any CPU
		{85C1C456-4202-3DDE-DDFC-A654F1716C18}.Debug|Any CPU.Build.0 = Debug|Any CPU
		{85C1C456-4202-3DDE-DDFC-A654F1716C18}.Release|Any CPU.ActiveCfg = Release|Any CPU
		{85C1C456-4202-3DDE-DDFC-A654F1716C18}.Release|Any CPU.Build.0 = Release|Any CPU
		{1F30854E-B2AA-15EF-7A9A-31A0BBFE9128}.Debug|Any CPU.ActiveCfg = Debug|Any CPU
		{1F30854E-B2AA-15EF-7A9A-31A0BBFE9128}.Debug|Any CPU.Build.0 = Debug|Any CPU
		{1F30854E-B2AA-15EF-7A9A-31A0BBFE9128}.Release|Any CPU.ActiveCfg = Release|Any CPU
		{1F30854E-B2AA-15EF-7A9A-31A0BBFE9128}.Release|Any CPU.Build.0 = Release|Any CPU
		{7D85199D-56F0-0ECE-F1F6-C572E85642C8}.Debug|Any CPU.ActiveCfg = Debug|Any CPU
		{7D85199D-56F0-0ECE-F1F6-C572E85642C8}.Debug|Any CPU.Build.0 = Debug|Any CPU
		{7D85199D-56F0-0ECE-F1F6-C572E85642C8}.Release|Any CPU.ActiveCfg = Release|Any CPU
		{7D85199D-56F0-0ECE-F1F6-C572E85642C8}.Release|Any CPU.Build.0 = Release|Any CPU
		{79863B08-EF5D-CD0E-8398-EFA72260CCDB}.Debug|Any CPU.ActiveCfg = Debug|Any CPU
		{79863B08-EF5D-CD0E-8398-EFA72260CCDB}.Debug|Any CPU.Build.0 = Debug|Any CPU
		{79863B08-EF5D-CD0E-8398-EFA72260CCDB}.Release|Any CPU.ActiveCfg = Release|Any CPU
		{79863B08-EF5D-CD0E-8398-EFA72260CCDB}.Release|Any CPU.Build.0 = Release|Any CPU
		{E70E2119-6EF6-E2BC-7628-BCC589CBAF50}.Debug|Any CPU.ActiveCfg = Debug|Any CPU
		{E70E2119-6EF6-E2BC-7628-BCC589CBAF50}.Debug|Any CPU.Build.0 = Debug|Any CPU
		{E70E2119-6EF6-E2BC-7628-BCC589CBAF50}.Release|Any CPU.ActiveCfg = Release|Any CPU
		{E70E2119-6EF6-E2BC-7628-BCC589CBAF50}.Release|Any CPU.Build.0 = Release|Any CPU
		{840C1403-4DB5-BA6D-CCEA-F9661228836F}.Debug|Any CPU.ActiveCfg = Debug|Any CPU
		{840C1403-4DB5-BA6D-CCEA-F9661228836F}.Debug|Any CPU.Build.0 = Debug|Any CPU
		{840C1403-4DB5-BA6D-CCEA-F9661228836F}.Release|Any CPU.ActiveCfg = Release|Any CPU
		{840C1403-4DB5-BA6D-CCEA-F9661228836F}.Release|Any CPU.Build.0 = Release|Any CPU
		{EF753D8D-5985-FCA3-E4DA-1BE1879863D0}.Debug|Any CPU.ActiveCfg = Debug|Any CPU
		{EF753D8D-5985-FCA3-E4DA-1BE1879863D0}.Debug|Any CPU.Build.0 = Debug|Any CPU
		{EF753D8D-5985-FCA3-E4DA-1BE1879863D0}.Release|Any CPU.ActiveCfg = Release|Any CPU
		{EF753D8D-5985-FCA3-E4DA-1BE1879863D0}.Release|Any CPU.Build.0 = Release|Any CPU
		{CCDEA0B5-4E64-2B85-C466-4EE00B3A55CD}.Debug|Any CPU.ActiveCfg = Debug|Any CPU
		{CCDEA0B5-4E64-2B85-C466-4EE00B3A55CD}.Debug|Any CPU.Build.0 = Debug|Any CPU
		{CCDEA0B5-4E64-2B85-C466-4EE00B3A55CD}.Release|Any CPU.ActiveCfg = Release|Any CPU
		{CCDEA0B5-4E64-2B85-C466-4EE00B3A55CD}.Release|Any CPU.Build.0 = Release|Any CPU
		{75E87A17-0DF6-496E-A064-8B754FB7BA46}.Debug|Any CPU.ActiveCfg = Debug|Any CPU
		{75E87A17-0DF6-496E-A064-8B754FB7BA46}.Debug|Any CPU.Build.0 = Debug|Any CPU
		{75E87A17-0DF6-496E-A064-8B754FB7BA46}.Release|Any CPU.ActiveCfg = Release|Any CPU
		{75E87A17-0DF6-496E-A064-8B754FB7BA46}.Release|Any CPU.Build.0 = Release|Any CPU
	EndGlobalSection
	GlobalSection(SolutionProperties) = preSolution
		HideSolutionNode = FALSE
	EndGlobalSection
	GlobalSection(NestedProjects) = preSolution
		{8FDF9337-9F2A-F810-4B67-96A76BDA63B2} = {685CC2A3-4B66-4374-B6C5-DE82B989309D}
		{6FDA4659-1D5F-C7ED-BE22-73291674B7FE} = {685CC2A3-4B66-4374-B6C5-DE82B989309D}
		{601606B3-9583-708D-D785-074DFFB86429} = {685CC2A3-4B66-4374-B6C5-DE82B989309D}
		{EA78DB3B-C1DA-AE8E-F16B-9F93ECF76344} = {685CC2A3-4B66-4374-B6C5-DE82B989309D}
		{3A754021-6164-47BA-A185-F38C005B553E} = {02EA681E-C7D8-13C7-8484-4AC65E1B71E8}
		{F94AA559-C0B5-4A90-898A-6F9C00591F25} = {02EA681E-C7D8-13C7-8484-4AC65E1B71E8}
		{94F715BA-4436-4D93-8238-649E6DFC722D} = {02EA681E-C7D8-13C7-8484-4AC65E1B71E8}
		{685CC2A3-4B66-4374-B6C5-DE82B989309D} = {F94AA559-C0B5-4A90-898A-6F9C00591F25}
		{247FD0DE-C696-4A28-B26C-7E040740BE4F} = {F94AA559-C0B5-4A90-898A-6F9C00591F25}
		{155D8E29-B79D-774F-3A09-09D4B0815510} = {247FD0DE-C696-4A28-B26C-7E040740BE4F}
		{C24ABE20-4938-F57A-32C3-742FFA5754FB} = {247FD0DE-C696-4A28-B26C-7E040740BE4F}
		{7CAF6500-8906-029A-7C8E-61903A3100D8} = {247FD0DE-C696-4A28-B26C-7E040740BE4F}
		{6CFA4F8E-8622-B095-4596-7F7DEB554DDC} = {247FD0DE-C696-4A28-B26C-7E040740BE4F}
		{FF600303-C592-4E73-B2E5-1250E882D1EE} = {F94AA559-C0B5-4A90-898A-6F9C00591F25}
		{392AB43E-A00B-CCB2-B5AA-D49892079848} = {FF600303-C592-4E73-B2E5-1250E882D1EE}
		{85C1C456-4202-3DDE-DDFC-A654F1716C18} = {FF600303-C592-4E73-B2E5-1250E882D1EE}
		{1F30854E-B2AA-15EF-7A9A-31A0BBFE9128} = {FF600303-C592-4E73-B2E5-1250E882D1EE}
		{7D85199D-56F0-0ECE-F1F6-C572E85642C8} = {FF600303-C592-4E73-B2E5-1250E882D1EE}
		{79863B08-EF5D-CD0E-8398-EFA72260CCDB} = {E44A3539-D9EA-4DE9-8749-CF1CC71FA845}
		{E44A3539-D9EA-4DE9-8749-CF1CC71FA845} = {F94AA559-C0B5-4A90-898A-6F9C00591F25}
		{E70E2119-6EF6-E2BC-7628-BCC589CBAF50} = {E44A3539-D9EA-4DE9-8749-CF1CC71FA845}
		{840C1403-4DB5-BA6D-CCEA-F9661228836F} = {E44A3539-D9EA-4DE9-8749-CF1CC71FA845}
		{EF753D8D-5985-FCA3-E4DA-1BE1879863D0} = {E44A3539-D9EA-4DE9-8749-CF1CC71FA845}
		{CCDEA0B5-4E64-2B85-C466-4EE00B3A55CD} = {3A754021-6164-47BA-A185-F38C005B553E}
		{75E87A17-0DF6-496E-A064-8B754FB7BA46} = {63F90D9C-C1A0-4A2B-ABFE-73D62B2E94B3}
	EndGlobalSection
	GlobalSection(ExtensibilityGlobals) = postSolution
		SolutionGuid = {24871C94-AD56-4398-9076-B9E80D86AD0D}
	EndGlobalSection
EndGlobal
